
Microsoft Visual Studio Solution File, Format Version 12.00
# Visual Studio 15
VisualStudioVersion = 15.0.28307.329
MinimumVisualStudioVersion = 10.0.40219.1
Project("{FAE04EC0-301F-11D3-BF4B-00C04F79EFBC}") = "RPGCharacterCreator", "RPGCharacterCreator.csproj", "{2E1D16D0-8459-4C86-8503-9C38F5B28AA1}"
EndProject
Global
	GlobalSection(SolutionConfigurationPlatforms) = preSolution
		Debug|Any CPU = Debug|Any CPU
		Release|Any CPU = Release|Any CPU
	EndGlobalSection
	GlobalSection(ProjectConfigurationPlatforms) = postSolution
		{2E1D16D0-8459-4C86-8503-9C38F5B28AA1}.Debug|Any CPU.ActiveCfg = Debug|Any CPU
		{2E1D16D0-8459-4C86-8503-9C38F5B28AA1}.Debug|Any CPU.Build.0 = Debug|Any CPU
		{2E1D16D0-8459-4C86-8503-9C38F5B28AA1}.Release|Any CPU.ActiveCfg = Release|Any CPU
		{2E1D16D0-8459-4C86-8503-9C38F5B28AA1}.Release|Any CPU.Build.0 = Release|Any CPU
	EndGlobalSection
	GlobalSection(SolutionProperties) = preSolution
		HideSolutionNode = FALSE
	EndGlobalSection
	GlobalSection(ExtensibilityGlobals) = postSolution
		SolutionGuid = {D5003D3A-6F76-45E0-B29C-25C65DFFF11D}
	EndGlobalSection
EndGlobal
